
Microsoft Visual Studio Solution File, Format Version 12.00
# Visual Studio Version 16
VisualStudioVersion = 16.0.29709.97
MinimumVisualStudioVersion = 10.0.40219.1
Project("{FAE04EC0-301F-11D3-BF4B-00C04F79EFBC}") = "PooProject5", "PooProject5\PooProject5.csproj", "{0A9592F8-8790-48D1-9801-FAC3BABDBE63}"
EndProject
Global
	GlobalSection(SolutionConfigurationPlatforms) = preSolution
		Debug|Any CPU = Debug|Any CPU
		Release|Any CPU = Release|Any CPU
	EndGlobalSection
	GlobalSection(ProjectConfigurationPlatforms) = postSolution
		{0A9592F8-8790-48D1-9801-FAC3BABDBE63}.Debug|Any CPU.ActiveCfg = Debug|Any CPU
		{0A9592F8-8790-48D1-9801-FAC3BABDBE63}.Debug|Any CPU.Build.0 = Debug|Any CPU
		{0A9592F8-8790-48D1-9801-FAC3BABDBE63}.Release|Any CPU.ActiveCfg = Release|Any CPU
		{0A9592F8-8790-48D1-9801-FAC3BABDBE63}.Release|Any CPU.Build.0 = Release|Any CPU
	EndGlobalSection
	GlobalSection(SolutionProperties) = preSolution
		HideSolutionNode = FALSE
	EndGlobalSection
	GlobalSection(ExtensibilityGlobals) = postSolution
		SolutionGuid = {19B693AF-A0A2-4E46-A560-9815C79AE74B}
	EndGlobalSection
EndGlobal
